
Microsoft Visual Studio Solution File, Format Version 12.00
# Visual Studio Version 17
VisualStudioVersion = 17.14.36705.20 d17.14
MinimumVisualStudioVersion = 10.0.40219.1
Project("{FAE04EC0-301F-11D3-BF4B-00C04F79EFBC}") = "AutomationExercise.Tests", "AutomationExercise.Tests.csproj", "{4648DCD3-2C9D-46EA-8239-13856E0AD513}"
EndProject
Global
	GlobalSection(SolutionConfigurationPlatforms) = preSolution
		Debug|Any CPU = Debug|Any CPU
		Release|Any CPU = Release|Any CPU
	EndGlobalSection
	GlobalSection(ProjectConfigurationPlatforms) = postSolution
		{4648DCD3-2C9D-46EA-8239-13856E0AD513}.Debug|Any CPU.ActiveCfg = Debug|Any CPU
		{4648DCD3-2C9D-46EA-8239-13856E0AD513}.Debug|Any CPU.Build.0 = Debug|Any CPU
		{4648DCD3-2C9D-46EA-8239-13856E0AD513}.Release|Any CPU.ActiveCfg = Release|Any CPU
		{4648DCD3-2C9D-46EA-8239-13856E0AD513}.Release|Any CPU.Build.0 = Release|Any CPU
	EndGlobalSection
	GlobalSection(SolutionProperties) = preSolution
		HideSolutionNode = FALSE
	EndGlobalSection
	GlobalSection(ExtensibilityGlobals) = postSolution
		SolutionGuid = {1E129199-E175-431B-8DDB-C0BC926DDE9B}
	EndGlobalSection
EndGlobal
